
Microsoft Visual Studio Solution File, Format Version 12.00
# Visual Studio Version 17
VisualStudioVersion = 17.4.33213.308
MinimumVisualStudioVersion = 10.0.40219.1
Project("{9A19103F-16F7-4668-BE54-9A1E7A4F7556}") = "CarREST", "CarREST\CarREST.csproj", "{033BB47A-478E-4C74-97F4-D3D13DC9D3AB}"
EndProject
Project("{FAE04EC0-301F-11D3-BF4B-00C04F79EFBC}") = "CarRESTTests", "CarRESTTests\CarRESTTests.csproj", "{5385E559-C75C-4351-816B-3334F90DD320}"
EndProject
Global
	GlobalSection(SolutionConfigurationPlatforms) = preSolution
		Debug|Any CPU = Debug|Any CPU
		Release|Any CPU = Release|Any CPU
	EndGlobalSection
	GlobalSection(ProjectConfigurationPlatforms) = postSolution
		{033BB47A-478E-4C74-97F4-D3D13DC9D3AB}.Debug|Any CPU.ActiveCfg = Debug|Any CPU
		{033BB47A-478E-4C74-97F4-D3D13DC9D3AB}.Debug|Any CPU.Build.0 = Debug|Any CPU
		{033BB47A-478E-4C74-97F4-D3D13DC9D3AB}.Release|Any CPU.ActiveCfg = Release|Any CPU
		{033BB47A-478E-4C74-97F4-D3D13DC9D3AB}.Release|Any CPU.Build.0 = Release|Any CPU
		{5385E559-C75C-4351-816B-3334F90DD320}.Debug|Any CPU.ActiveCfg = Debug|Any CPU
		{5385E559-C75C-4351-816B-3334F90DD320}.Debug|Any CPU.Build.0 = Debug|Any CPU
		{5385E559-C75C-4351-816B-3334F90DD320}.Release|Any CPU.ActiveCfg = Release|Any CPU
		{5385E559-C75C-4351-816B-3334F90DD320}.Release|Any CPU.Build.0 = Release|Any CPU
	EndGlobalSection
	GlobalSection(SolutionProperties) = preSolution
		HideSolutionNode = FALSE
	EndGlobalSection
	GlobalSection(ExtensibilityGlobals) = postSolution
		SolutionGuid = {B6E4FA40-CC99-4DA0-A589-31E8E144C475}
	EndGlobalSection
EndGlobal
